// !$*UTF8*$!
{
	archiveVersion = 1;
	classes = {
	};
	objectVersion = 77;
	objects = {

/* Begin PBXBuildFile section */
		036CDF97E55D38E210922056 /* NowPlayingTextTests.swift in Sources */ = {isa = PBXBuildFile; fileRef = 8FCDFE4C1B93640EA9246DEB /* NowPlayingTextTests.swift */; };
		050C912FBDC7FB528C61FAC8 /* FrameHelpers.swift in Sources */ = {isa = PBXBuildFile; fileRef = C2AEE5FD726115B38F37F88D /* FrameHelpers.swift */; };
		0D70CF09403F144734CA775B /* Updater.swift in Sources */ = {isa = PBXBuildFile; fileRef = 45D01BC7FC7BBCF3AF0B5CB8 /* Updater.swift */; };
		0DF571E0B19DA9A63AB44B6F /* Sparkle in Frameworks */ = {isa = PBXBuildFile; productRef = D8CD01999FE428529CC0DB5F /* Sparkle */; };
		13A2FC91687D83F654B53BDE /* TracksPopover.swift in Sources */ = {isa = PBXBuildFile; fileRef = 46653D3A70E8EFB17B45B5AB /* TracksPopover.swift */; };
		14D2DE1CA56C63C4BE1D74B3 /* NowPlayingView.swift in Sources */ = {isa = PBXBuildFile; fileRef = 452A1FFF283F8071C1C42D11 /* NowPlayingView.swift */; };
		169CEF92A7F40A58E7F35D32 /* SubtitleOverlayView.swift in Sources */ = {isa = PBXBuildFile; fileRef = 6F44EDD5A2153E72AF32A1B3 /* SubtitleOverlayView.swift */; };
		1DDFAA489E7CE4BA872352D8 /* AudioDetectionTests.swift in Sources */ = {isa = PBXBuildFile; fileRef = E5346095CF8225533FDB6373 /* AudioDetectionTests.swift */; };
		21528252960F081B9D64B82A /* Theme.swift in Sources */ = {isa = PBXBuildFile; fileRef = DF8F7197D56D73713E1AC322 /* Theme.swift */; };
		21AB54416F0A9CFB92EC284B /* NowPlayingController.swift in Sources */ = {isa = PBXBuildFile; fileRef = 48CEA2F4DA2C9248AE34728A /* NowPlayingController.swift */; };
		2BBF2825AE3E822E2771F1E1 /* AetherEngine in Frameworks */ = {isa = PBXBuildFile; productRef = BE33BD5FE909AF50F8938376 /* AetherEngine */; };
		3301A509B2988941D7032B16 /* ResumePolicy.swift in Sources */ = {isa = PBXBuildFile; fileRef = 0343F7972D3F779D292A13C1 /* ResumePolicy.swift */; };
		3877B2FE032AB3D2C6F31658 /* BookmarkAccess.swift in Sources */ = {isa = PBXBuildFile; fileRef = 9621B0431CAE01C3FB239018 /* BookmarkAccess.swift */; };
		3E1688066219B7C4D1750EEF /* PlayerContainerView.swift in Sources */ = {isa = PBXBuildFile; fileRef = 4B11436997124F720E91C535 /* PlayerContainerView.swift */; };
		3F8D429EA937F104E52CFC4B /* TimecodeTests.swift in Sources */ = {isa = PBXBuildFile; fileRef = 233D66079A84FB8F2D75E290 /* TimecodeTests.swift */; };
		5B986FC51A01D496620532E9 /* ContentView.swift in Sources */ = {isa = PBXBuildFile; fileRef = 80A9391037530D8F5D48F68E /* ContentView.swift */; };
		5E421971863E471E099FB244 /* TransportBar.swift in Sources */ = {isa = PBXBuildFile; fileRef = 004AE8A16D07A63C1B81C59D /* TransportBar.swift */; };
		5EDD6CF6CE3647773954C9B7 /* AppDelegate.swift in Sources */ = {isa = PBXBuildFile; fileRef = E18E793A6CF747DF8329B3DF /* AppDelegate.swift */; };
		60548C8382031267A0C8083F /* RepeatModeTests.swift in Sources */ = {isa = PBXBuildFile; fileRef = 78BEA53895E7E40BF129B1C2 /* RepeatModeTests.swift */; };
		60A44AA82BDDE1F9919F8A33 /* TrackMenuModel.swift in Sources */ = {isa = PBXBuildFile; fileRef = 4AB205A9EC1736A4D0E09EC0 /* TrackMenuModel.swift */; };
		6BDD6184F887FEA522DBD459 /* ResumeToastView.swift in Sources */ = {isa = PBXBuildFile; fileRef = 21DED04DA7729F984DB15A33 /* ResumeToastView.swift */; };
		6BE5C182E61064A9CE8A050D /* RepeatMode.swift in Sources */ = {isa = PBXBuildFile; fileRef = 58A8028DC5D26E80DD6C5DA4 /* RepeatMode.swift */; };
		6EA4B6A36BB346F6CFD4DC51 /* EmptyStateView.swift in Sources */ = {isa = PBXBuildFile; fileRef = C3FEFE70E236F61EFF3FACE4 /* EmptyStateView.swift */; };
		6EDF82B8914C67D7AB9CDD5C /* NowPlayingInfo.swift in Sources */ = {isa = PBXBuildFile; fileRef = 8498359894A41CA7722D9B85 /* NowPlayingInfo.swift */; };
		6FBBD1001F9F6A7D114635CB /* FrameHelpersTests.swift in Sources */ = {isa = PBXBuildFile; fileRef = 93824C28886D126A5CFA790B /* FrameHelpersTests.swift */; };
		765C3F6F5868875F50607BA4 /* NowPlayingInfoTests.swift in Sources */ = {isa = PBXBuildFile; fileRef = 12A68F5A4C570AB63B8EDB54 /* NowPlayingInfoTests.swift */; };
		781398CCB0497ACC785DC5C8 /* ScrubPreviewProvider.swift in Sources */ = {isa = PBXBuildFile; fileRef = 79B4732DA5AD499D6597B1BC /* ScrubPreviewProvider.swift */; };
		788D3248F94F267640983722 /* SubtitleLayout.swift in Sources */ = {isa = PBXBuildFile; fileRef = CCC54EC90821C436C01FEA25 /* SubtitleLayout.swift */; };
		78C6C0C695CCAC4331057E3D /* AutoHideTests.swift in Sources */ = {isa = PBXBuildFile; fileRef = 1B8A80F72F03FB387443963F /* AutoHideTests.swift */; };
		8261B7E3227BAADBB7ACE9DC /* TrackMenuModelTests.swift in Sources */ = {isa = PBXBuildFile; fileRef = CB52AA48E644CC4872D15095 /* TrackMenuModelTests.swift */; };
		85C0AE7328F9CFA7E91E7BCF /* PlaylistTests.swift in Sources */ = {isa = PBXBuildFile; fileRef = 9F41670E23F316F7DBD632FB /* PlaylistTests.swift */; };
		8608361F44B641E95128509E /* StatsFormatTests.swift in Sources */ = {isa = PBXBuildFile; fileRef = 55A0F77B54179E5359D9B25E /* StatsFormatTests.swift */; };
		86CF347649A91D2B990853B8 /* Assets.xcassets in Resources */ = {isa = PBXBuildFile; fileRef = CC865F7686A9533FA69E135B /* Assets.xcassets */; };
		8827D938EAED8AAE47BCBD6E /* TracksPopoverLayout.swift in Sources */ = {isa = PBXBuildFile; fileRef = 7E828311FA11A65CE533743D /* TracksPopoverLayout.swift */; };
		8B3DAB6AE9250CA78B5A93BB /* RecentItem.swift in Sources */ = {isa = PBXBuildFile; fileRef = 651650500DBEBF3955D2C0A6 /* RecentItem.swift */; };
		8C3C05EC6A3BCC6A6195C0CF /* Playlist.swift in Sources */ = {isa = PBXBuildFile; fileRef = 54B2A7817BDF162ECC87CB82 /* Playlist.swift */; };
		8CBD4B252BDC010BCA99EA23 /* RecentsListView.swift in Sources */ = {isa = PBXBuildFile; fileRef = AC8F888DB3F6F552B95C5CA7 /* RecentsListView.swift */; };
		911776C7C8307451CDC0A026 /* PlayerViewModel.swift in Sources */ = {isa = PBXBuildFile; fileRef = 99D103BBA3739D445E3954B5 /* PlayerViewModel.swift */; };
		924544DAA487CBDD867CF11B /* TracksPopoverLayoutTests.swift in Sources */ = {isa = PBXBuildFile; fileRef = F3F383828AE63B4C10F0BD63 /* TracksPopoverLayoutTests.swift */; };
		A4CADB880CB63E8BEC6D1121 /* KeyCatcherView.swift in Sources */ = {isa = PBXBuildFile; fileRef = 3C5C8E6CC47029944F03BF49 /* KeyCatcherView.swift */; };
		ADBB50A4992BB1FE126089CF /* Timecode.swift in Sources */ = {isa = PBXBuildFile; fileRef = 8D72D7101F574252D4DF390C /* Timecode.swift */; };
		B0709C1A666B095EAEF0AE59 /* SnapshotSaver.swift in Sources */ = {isa = PBXBuildFile; fileRef = 0B801CFDE1C0DB5803DBDDC2 /* SnapshotSaver.swift */; };
		B1B462215ADF74C0E19B5B29 /* RecentsThumbnailProvider.swift in Sources */ = {isa = PBXBuildFile; fileRef = AFD5E80A91B6289EBDA31026 /* RecentsThumbnailProvider.swift */; };
		B342144744F6F0198B5ED03F /* ResumePolicyTests.swift in Sources */ = {isa = PBXBuildFile; fileRef = 53FEB8B79DD96C0738631A14 /* ResumePolicyTests.swift */; };
		BE290CC516BBF1F04EF1F3F5 /* RecentsStoreTests.swift in Sources */ = {isa = PBXBuildFile; fileRef = 9DF027E0C8A452E79A82DC39 /* RecentsStoreTests.swift */; };
		C381691519E3D99902A62562 /* RecentsStore.swift in Sources */ = {isa = PBXBuildFile; fileRef = 0A242920ECAE4DF2BCC1AAD1 /* RecentsStore.swift */; };
		C7C20203E8378D5EEF7EF741 /* StatsInspectorView.swift in Sources */ = {isa = PBXBuildFile; fileRef = F4A47454A92526D44ED95DED /* StatsInspectorView.swift */; };
		D3BC9E17B2391B5DF5ED6ED9 /* AetherPlayerApp.swift in Sources */ = {isa = PBXBuildFile; fileRef = 2EEFF5940111B0337F712DDF /* AetherPlayerApp.swift */; };
		DE92143A4ADD0201A9AB1843 /* AudioDetection.swift in Sources */ = {isa = PBXBuildFile; fileRef = 00875B74FCCF3AC1D2AD59D9 /* AudioDetection.swift */; };
		E1FE9B0FD84DE2758E92753A /* NowPlayingText.swift in Sources */ = {isa = PBXBuildFile; fileRef = 85D014653AFF073855375B63 /* NowPlayingText.swift */; };
		E7F2AAFDB6A45862E2D5B02B /* SubtitleLayoutTests.swift in Sources */ = {isa = PBXBuildFile; fileRef = 6C7F491313B24CBDDB44433C /* SubtitleLayoutTests.swift */; };
		F6716D6A28440962D624926C /* AutoHide.swift in Sources */ = {isa = PBXBuildFile; fileRef = 6B86576A26F61BD21676054F /* AutoHide.swift */; };
		FDACA56A5BF560C84BEBDBDB /* StatsFormat.swift in Sources */ = {isa = PBXBuildFile; fileRef = 41C9C0EEE978CA9D22A43C66 /* StatsFormat.swift */; };
/* End PBXBuildFile section */

/* Begin PBXContainerItemProxy section */
		C86CF576AB1AFBF9B31DF21E /* PBXContainerItemProxy */ = {
			isa = PBXContainerItemProxy;
			containerPortal = D8BCABAA8DFC78FF1EBB0399 /* Project object */;
			proxyType = 1;
			remoteGlobalIDString = 7A59B15B32CAF3DAA7394BD5;
			remoteInfo = AetherPlayer;
		};
/* End PBXContainerItemProxy section */

/* Begin PBXFileReference section */
		004AE8A16D07A63C1B81C59D /* TransportBar.swift */ = {isa = PBXFileReference; lastKnownFileType = sourcecode.swift; path = TransportBar.swift; sourceTree = "<group>"; };
		00875B74FCCF3AC1D2AD59D9 /* AudioDetection.swift */ = {isa = PBXFileReference; lastKnownFileType = sourcecode.swift; path = AudioDetection.swift; sourceTree = "<group>"; };
		0343F7972D3F779D292A13C1 /* ResumePolicy.swift */ = {isa = PBXFileReference; lastKnownFileType = sourcecode.swift; path = ResumePolicy.swift; sourceTree = "<group>"; };
		0A242920ECAE4DF2BCC1AAD1 /* RecentsStore.swift */ = {isa = PBXFileReference; lastKnownFileType = sourcecode.swift; path = RecentsStore.swift; sourceTree = "<group>"; };
		0B801CFDE1C0DB5803DBDDC2 /* SnapshotSaver.swift */ = {isa = PBXFileReference; lastKnownFileType = sourcecode.swift; path = SnapshotSaver.swift; sourceTree = "<group>"; };
		12A68F5A4C570AB63B8EDB54 /* NowPlayingInfoTests.swift */ = {isa = PBXFileReference; lastKnownFileType = sourcecode.swift; path = NowPlayingInfoTests.swift; sourceTree = "<group>"; };
		1B8A80F72F03FB387443963F /* AutoHideTests.swift */ = {isa = PBXFileReference; lastKnownFileType = sourcecode.swift; path = AutoHideTests.swift; sourceTree = "<group>"; };
		21DED04DA7729F984DB15A33 /* ResumeToastView.swift */ = {isa = PBXFileReference; lastKnownFileType = sourcecode.swift; path = ResumeToastView.swift; sourceTree = "<group>"; };
		233D66079A84FB8F2D75E290 /* TimecodeTests.swift */ = {isa = PBXFileReference; lastKnownFileType = sourcecode.swift; path = TimecodeTests.swift; sourceTree = "<group>"; };
		2EEFF5940111B0337F712DDF /* AetherPlayerApp.swift */ = {isa = PBXFileReference; lastKnownFileType = sourcecode.swift; path = AetherPlayerApp.swift; sourceTree = "<group>"; };
		3C5C8E6CC47029944F03BF49 /* KeyCatcherView.swift */ = {isa = PBXFileReference; lastKnownFileType = sourcecode.swift; path = KeyCatcherView.swift; sourceTree = "<group>"; };
		41C9C0EEE978CA9D22A43C66 /* StatsFormat.swift */ = {isa = PBXFileReference; lastKnownFileType = sourcecode.swift; path = StatsFormat.swift; sourceTree = "<group>"; };
		452A1FFF283F8071C1C42D11 /* NowPlayingView.swift */ = {isa = PBXFileReference; lastKnownFileType = sourcecode.swift; path = NowPlayingView.swift; sourceTree = "<group>"; };
		45D01BC7FC7BBCF3AF0B5CB8 /* Updater.swift */ = {isa = PBXFileReference; lastKnownFileType = sourcecode.swift; path = Updater.swift; sourceTree = "<group>"; };
		46653D3A70E8EFB17B45B5AB /* TracksPopover.swift */ = {isa = PBXFileReference; lastKnownFileType = sourcecode.swift; path = TracksPopover.swift; sourceTree = "<group>"; };
		48CEA2F4DA2C9248AE34728A /* NowPlayingController.swift */ = {isa = PBXFileReference; lastKnownFileType = sourcecode.swift; path = NowPlayingController.swift; sourceTree = "<group>"; };
		4AB205A9EC1736A4D0E09EC0 /* TrackMenuModel.swift */ = {isa = PBXFileReference; lastKnownFileType = sourcecode.swift; path = TrackMenuModel.swift; sourceTree = "<group>"; };
		4B11436997124F720E91C535 /* PlayerContainerView.swift */ = {isa = PBXFileReference; lastKnownFileType = sourcecode.swift; path = PlayerContainerView.swift; sourceTree = "<group>"; };
		53FEB8B79DD96C0738631A14 /* ResumePolicyTests.swift */ = {isa = PBXFileReference; lastKnownFileType = sourcecode.swift; path = ResumePolicyTests.swift; sourceTree = "<group>"; };
		54B2A7817BDF162ECC87CB82 /* Playlist.swift */ = {isa = PBXFileReference; lastKnownFileType = sourcecode.swift; path = Playlist.swift; sourceTree = "<group>"; };
		55A0F77B54179E5359D9B25E /* StatsFormatTests.swift */ = {isa = PBXFileReference; lastKnownFileType = sourcecode.swift; path = StatsFormatTests.swift; sourceTree = "<group>"; };
		58A8028DC5D26E80DD6C5DA4 /* RepeatMode.swift */ = {isa = PBXFileReference; lastKnownFileType = sourcecode.swift; path = RepeatMode.swift; sourceTree = "<group>"; };
		651650500DBEBF3955D2C0A6 /* RecentItem.swift */ = {isa = PBXFileReference; lastKnownFileType = sourcecode.swift; path = RecentItem.swift; sourceTree = "<group>"; };
		6B86576A26F61BD21676054F /* AutoHide.swift */ = {isa = PBXFileReference; lastKnownFileType = sourcecode.swift; path = AutoHide.swift; sourceTree = "<group>"; };
		6C7F491313B24CBDDB44433C /* SubtitleLayoutTests.swift */ = {isa = PBXFileReference; lastKnownFileType = sourcecode.swift; path = SubtitleLayoutTests.swift; sourceTree = "<group>"; };
		6F44EDD5A2153E72AF32A1B3 /* SubtitleOverlayView.swift */ = {isa = PBXFileReference; lastKnownFileType = sourcecode.swift; path = SubtitleOverlayView.swift; sourceTree = "<group>"; };
		78BEA53895E7E40BF129B1C2 /* RepeatModeTests.swift */ = {isa = PBXFileReference; lastKnownFileType = sourcecode.swift; path = RepeatModeTests.swift; sourceTree = "<group>"; };
		79B4732DA5AD499D6597B1BC /* ScrubPreviewProvider.swift */ = {isa = PBXFileReference; lastKnownFileType = sourcecode.swift; path = ScrubPreviewProvider.swift; sourceTree = "<group>"; };
		7E828311FA11A65CE533743D /* TracksPopoverLayout.swift */ = {isa = PBXFileReference; lastKnownFileType = sourcecode.swift; path = TracksPopoverLayout.swift; sourceTree = "<group>"; };
		80A9391037530D8F5D48F68E /* ContentView.swift */ = {isa = PBXFileReference; lastKnownFileType = sourcecode.swift; path = ContentView.swift; sourceTree = "<group>"; };
		8498359894A41CA7722D9B85 /* NowPlayingInfo.swift */ = {isa = PBXFileReference; lastKnownFileType = sourcecode.swift; path = NowPlayingInfo.swift; sourceTree = "<group>"; };
		855A70C970D5E49F8180DB59 /* Info.plist */ = {isa = PBXFileReference; lastKnownFileType = text.plist; path = Info.plist; sourceTree = "<group>"; };
		85D014653AFF073855375B63 /* NowPlayingText.swift */ = {isa = PBXFileReference; lastKnownFileType = sourcecode.swift; path = NowPlayingText.swift; sourceTree = "<group>"; };
		8D72D7101F574252D4DF390C /* Timecode.swift */ = {isa = PBXFileReference; lastKnownFileType = sourcecode.swift; path = Timecode.swift; sourceTree = "<group>"; };
		8FCDFE4C1B93640EA9246DEB /* NowPlayingTextTests.swift */ = {isa = PBXFileReference; lastKnownFileType = sourcecode.swift; path = NowPlayingTextTests.swift; sourceTree = "<group>"; };
		93824C28886D126A5CFA790B /* FrameHelpersTests.swift */ = {isa = PBXFileReference; lastKnownFileType = sourcecode.swift; path = FrameHelpersTests.swift; sourceTree = "<group>"; };
		9621B0431CAE01C3FB239018 /* BookmarkAccess.swift */ = {isa = PBXFileReference; lastKnownFileType = sourcecode.swift; path = BookmarkAccess.swift; sourceTree = "<group>"; };
		99D103BBA3739D445E3954B5 /* PlayerViewModel.swift */ = {isa = PBXFileReference; lastKnownFileType = sourcecode.swift; path = PlayerViewModel.swift; sourceTree = "<group>"; };
		9B4245211CDE14A288F3A3C6 /* AetherPlayerTests.xctest */ = {isa = PBXFileReference; explicitFileType = wrapper.cfbundle; includeInIndex = 0; path = AetherPlayerTests.xctest; sourceTree = BUILT_PRODUCTS_DIR; };
		9DF027E0C8A452E79A82DC39 /* RecentsStoreTests.swift */ = {isa = PBXFileReference; lastKnownFileType = sourcecode.swift; path = RecentsStoreTests.swift; sourceTree = "<group>"; };
		9F41670E23F316F7DBD632FB /* PlaylistTests.swift */ = {isa = PBXFileReference; lastKnownFileType = sourcecode.swift; path = PlaylistTests.swift; sourceTree = "<group>"; };
		AC8F888DB3F6F552B95C5CA7 /* RecentsListView.swift */ = {isa = PBXFileReference; lastKnownFileType = sourcecode.swift; path = RecentsListView.swift; sourceTree = "<group>"; };
		AFD5E80A91B6289EBDA31026 /* RecentsThumbnailProvider.swift */ = {isa = PBXFileReference; lastKnownFileType = sourcecode.swift; path = RecentsThumbnailProvider.swift; sourceTree = "<group>"; };
		C2AEE5FD726115B38F37F88D /* FrameHelpers.swift */ = {isa = PBXFileReference; lastKnownFileType = sourcecode.swift; path = FrameHelpers.swift; sourceTree = "<group>"; };
		C3FEFE70E236F61EFF3FACE4 /* EmptyStateView.swift */ = {isa = PBXFileReference; lastKnownFileType = sourcecode.swift; path = EmptyStateView.swift; sourceTree = "<group>"; };
		CB52AA48E644CC4872D15095 /* TrackMenuModelTests.swift */ = {isa = PBXFileReference; lastKnownFileType = sourcecode.swift; path = TrackMenuModelTests.swift; sourceTree = "<group>"; };
		CC865F7686A9533FA69E135B /* Assets.xcassets */ = {isa = PBXFileReference; lastKnownFileType = folder.assetcatalog; path = Assets.xcassets; sourceTree = "<group>"; };
		CCC54EC90821C436C01FEA25 /* SubtitleLayout.swift */ = {isa = PBXFileReference; lastKnownFileType = sourcecode.swift; path = SubtitleLayout.swift; sourceTree = "<group>"; };
		D6A5F4D0C3E4DB98E768BA0C /* AetherPlayer.app */ = {isa = PBXFileReference; explicitFileType = wrapper.application; includeInIndex = 0; path = AetherPlayer.app; sourceTree = BUILT_PRODUCTS_DIR; };
		DF8F7197D56D73713E1AC322 /* Theme.swift */ = {isa = PBXFileReference; lastKnownFileType = sourcecode.swift; path = Theme.swift; sourceTree = "<group>"; };
		E18E793A6CF747DF8329B3DF /* AppDelegate.swift */ = {isa = PBXFileReference; lastKnownFileType = sourcecode.swift; path = AppDelegate.swift; sourceTree = "<group>"; };
		E5346095CF8225533FDB6373 /* AudioDetectionTests.swift */ = {isa = PBXFileReference; lastKnownFileType = sourcecode.swift; path = AudioDetectionTests.swift; sourceTree = "<group>"; };
		F16F0F485BEBCDFFE77C8E62 /* AetherPlayer.entitlements */ = {isa = PBXFileReference; lastKnownFileType = text.plist.entitlements; path = AetherPlayer.entitlements; sourceTree = "<group>"; };
		F3F383828AE63B4C10F0BD63 /* TracksPopoverLayoutTests.swift */ = {isa = PBXFileReference; lastKnownFileType = sourcecode.swift; path = TracksPopoverLayoutTests.swift; sourceTree = "<group>"; };
		F4A47454A92526D44ED95DED /* StatsInspectorView.swift */ = {isa = PBXFileReference; lastKnownFileType = sourcecode.swift; path = StatsInspectorView.swift; sourceTree = "<group>"; };
/* End PBXFileReference section */

/* Begin PBXFrameworksBuildPhase section */
		C18BCD25D335BE99308ED3B9 /* Frameworks */ = {
			isa = PBXFrameworksBuildPhase;
			buildActionMask = 2147483647;
			files = (
				2BBF2825AE3E822E2771F1E1 /* AetherEngine in Frameworks */,
				0DF571E0B19DA9A63AB44B6F /* Sparkle in Frameworks */,
			);
			runOnlyForDeploymentPostprocessing = 0;
		};
/* End PBXFrameworksBuildPhase section */

/* Begin PBXGroup section */
		0A94BCC751151DB0639F5183 /* AetherPlayerTests */ = {
			isa = PBXGroup;
			children = (
				E5346095CF8225533FDB6373 /* AudioDetectionTests.swift */,
				1B8A80F72F03FB387443963F /* AutoHideTests.swift */,
				93824C28886D126A5CFA790B /* FrameHelpersTests.swift */,
				12A68F5A4C570AB63B8EDB54 /* NowPlayingInfoTests.swift */,
				8FCDFE4C1B93640EA9246DEB /* NowPlayingTextTests.swift */,
				9F41670E23F316F7DBD632FB /* PlaylistTests.swift */,
				9DF027E0C8A452E79A82DC39 /* RecentsStoreTests.swift */,
				78BEA53895E7E40BF129B1C2 /* RepeatModeTests.swift */,
				53FEB8B79DD96C0738631A14 /* ResumePolicyTests.swift */,
				55A0F77B54179E5359D9B25E /* StatsFormatTests.swift */,
				6C7F491313B24CBDDB44433C /* SubtitleLayoutTests.swift */,
				233D66079A84FB8F2D75E290 /* TimecodeTests.swift */,
				CB52AA48E644CC4872D15095 /* TrackMenuModelTests.swift */,
				F3F383828AE63B4C10F0BD63 /* TracksPopoverLayoutTests.swift */,
			);
			path = AetherPlayerTests;
			sourceTree = "<group>";
		};
		1CEBA683AF7F7529F58E99C8 /* AetherPlayer */ = {
			isa = PBXGroup;
			children = (
				2EEFF5940111B0337F712DDF /* AetherPlayerApp.swift */,
				E18E793A6CF747DF8329B3DF /* AppDelegate.swift */,
				00875B74FCCF3AC1D2AD59D9 /* AudioDetection.swift */,
				6B86576A26F61BD21676054F /* AutoHide.swift */,
				85D014653AFF073855375B63 /* NowPlayingText.swift */,
				99D103BBA3739D445E3954B5 /* PlayerViewModel.swift */,
				58A8028DC5D26E80DD6C5DA4 /* RepeatMode.swift */,
				41C9C0EEE978CA9D22A43C66 /* StatsFormat.swift */,
				CCC54EC90821C436C01FEA25 /* SubtitleLayout.swift */,
				8D72D7101F574252D4DF390C /* Timecode.swift */,
				4AB205A9EC1736A4D0E09EC0 /* TrackMenuModel.swift */,
				7E828311FA11A65CE533743D /* TracksPopoverLayout.swift */,
				45D01BC7FC7BBCF3AF0B5CB8 /* Updater.swift */,
				5E66D6A2624B3B7F4C178D8D /* FrameExtraction */,
				288ABE75999DAD841D2D96A7 /* Library */,
				EE77D585F7A8B0EBEC257144 /* NowPlaying */,
				3D2F448BCA022A6383DC172B /* Resources */,
				F4CC0980753F865352BA2244 /* Views */,
			);
			path = AetherPlayer;
			sourceTree = "<group>";
		};
		288ABE75999DAD841D2D96A7 /* Library */ = {
			isa = PBXGroup;
			children = (
				9621B0431CAE01C3FB239018 /* BookmarkAccess.swift */,
				54B2A7817BDF162ECC87CB82 /* Playlist.swift */,
				651650500DBEBF3955D2C0A6 /* RecentItem.swift */,
				0A242920ECAE4DF2BCC1AAD1 /* RecentsStore.swift */,
				0343F7972D3F779D292A13C1 /* ResumePolicy.swift */,
			);
			path = Library;
			sourceTree = "<group>";
		};
		3D2F448BCA022A6383DC172B /* Resources */ = {
			isa = PBXGroup;
			children = (
				F16F0F485BEBCDFFE77C8E62 /* AetherPlayer.entitlements */,
				CC865F7686A9533FA69E135B /* Assets.xcassets */,
				855A70C970D5E49F8180DB59 /* Info.plist */,
			);
			path = Resources;
			sourceTree = "<group>";
		};
		5E66D6A2624B3B7F4C178D8D /* FrameExtraction */ = {
			isa = PBXGroup;
			children = (
				C2AEE5FD726115B38F37F88D /* FrameHelpers.swift */,
				AFD5E80A91B6289EBDA31026 /* RecentsThumbnailProvider.swift */,
				79B4732DA5AD499D6597B1BC /* ScrubPreviewProvider.swift */,
				0B801CFDE1C0DB5803DBDDC2 /* SnapshotSaver.swift */,
			);
			path = FrameExtraction;
			sourceTree = "<group>";
		};
		60FF259B7339DD4122961B93 /* Sources */ = {
			isa = PBXGroup;
			children = (
				1CEBA683AF7F7529F58E99C8 /* AetherPlayer */,
			);
			path = Sources;
			sourceTree = "<group>";
		};
		674897F3AAB002CA01D13E1F /* Tests */ = {
			isa = PBXGroup;
			children = (
				0A94BCC751151DB0639F5183 /* AetherPlayerTests */,
			);
			path = Tests;
			sourceTree = "<group>";
		};
		A394F955E3998BF0D78C9ACC = {
			isa = PBXGroup;
			children = (
				60FF259B7339DD4122961B93 /* Sources */,
				674897F3AAB002CA01D13E1F /* Tests */,
				D89D6DC2B7ED0B934CE5E961 /* Products */,
			);
			sourceTree = "<group>";
		};
		D89D6DC2B7ED0B934CE5E961 /* Products */ = {
			isa = PBXGroup;
			children = (
				D6A5F4D0C3E4DB98E768BA0C /* AetherPlayer.app */,
				9B4245211CDE14A288F3A3C6 /* AetherPlayerTests.xctest */,
			);
			name = Products;
			sourceTree = "<group>";
		};
		EE77D585F7A8B0EBEC257144 /* NowPlaying */ = {
			isa = PBXGroup;
			children = (
				48CEA2F4DA2C9248AE34728A /* NowPlayingController.swift */,
				8498359894A41CA7722D9B85 /* NowPlayingInfo.swift */,
			);
			path = NowPlaying;
			sourceTree = "<group>";
		};
		F4CC0980753F865352BA2244 /* Views */ = {
			isa = PBXGroup;
			children = (
				80A9391037530D8F5D48F68E /* ContentView.swift */,
				C3FEFE70E236F61EFF3FACE4 /* EmptyStateView.swift */,
				3C5C8E6CC47029944F03BF49 /* KeyCatcherView.swift */,
				452A1FFF283F8071C1C42D11 /* NowPlayingView.swift */,
				4B11436997124F720E91C535 /* PlayerContainerView.swift */,
				AC8F888DB3F6F552B95C5CA7 /* RecentsListView.swift */,
				21DED04DA7729F984DB15A33 /* ResumeToastView.swift */,
				F4A47454A92526D44ED95DED /* StatsInspectorView.swift */,
				6F44EDD5A2153E72AF32A1B3 /* SubtitleOverlayView.swift */,
				DF8F7197D56D73713E1AC322 /* Theme.swift */,
				46653D3A70E8EFB17B45B5AB /* TracksPopover.swift */,
				004AE8A16D07A63C1B81C59D /* TransportBar.swift */,
			);
			path = Views;
			sourceTree = "<group>";
		};
/* End PBXGroup section */

/* Begin PBXNativeTarget section */
		7A59B15B32CAF3DAA7394BD5 /* AetherPlayer */ = {
			isa = PBXNativeTarget;
			buildConfigurationList = CF8E374B5637C123A0DB7996 /* Build configuration list for PBXNativeTarget "AetherPlayer" */;
			buildPhases = (
				999E46281DDB867E56F135A8 /* Sources */,
				76CF5B282390FB903310C02A /* Resources */,
				C18BCD25D335BE99308ED3B9 /* Frameworks */,
			);
			buildRules = (
			);
			dependencies = (
			);
			name = AetherPlayer;
			packageProductDependencies = (
				BE33BD5FE909AF50F8938376 /* AetherEngine */,
				D8CD01999FE428529CC0DB5F /* Sparkle */,
			);
			productName = AetherPlayer;
			productReference = D6A5F4D0C3E4DB98E768BA0C /* AetherPlayer.app */;
			productType = "com.apple.product-type.application";
		};
		98AFFBCD158FF3AC40F10F66 /* AetherPlayerTests */ = {
			isa = PBXNativeTarget;
			buildConfigurationList = B53C1D73F24EAC6E6D635662 /* Build configuration list for PBXNativeTarget "AetherPlayerTests" */;
			buildPhases = (
				2E64C68D3387DE41F58D6905 /* Sources */,
			);
			buildRules = (
			);
			dependencies = (
				57BC7914FB65FAB444205818 /* PBXTargetDependency */,
			);
			name = AetherPlayerTests;
			packageProductDependencies = (
			);
			productName = AetherPlayerTests;
			productReference = 9B4245211CDE14A288F3A3C6 /* AetherPlayerTests.xctest */;
			productType = "com.apple.product-type.bundle.unit-test";
		};
/* End PBXNativeTarget section */

/* Begin PBXProject section */
		D8BCABAA8DFC78FF1EBB0399 /* Project object */ = {
			isa = PBXProject;
			attributes = {
				BuildIndependentTargetsInParallel = YES;
				LastUpgradeCheck = 1430;
				TargetAttributes = {
				};
			};
			buildConfigurationList = 39ECF5200BEE907AD5C8944C /* Build configuration list for PBXProject "AetherPlayer" */;
			developmentRegion = en;
			hasScannedForEncodings = 0;
			knownRegions = (
				Base,
				en,
			);
			mainGroup = A394F955E3998BF0D78C9ACC;
			minimizedProjectReferenceProxies = 1;
			packageReferences = (
				01FD55D28DD498C42BB12330 /* XCRemoteSwiftPackageReference "AetherEngine" */,
				5F7234CE368E530069027164 /* XCRemoteSwiftPackageReference "Sparkle" */,
			);
			preferredProjectObjectVersion = 77;
			productRefGroup = D89D6DC2B7ED0B934CE5E961 /* Products */;
			projectDirPath = "";
			projectRoot = "";
			targets = (
				7A59B15B32CAF3DAA7394BD5 /* AetherPlayer */,
				98AFFBCD158FF3AC40F10F66 /* AetherPlayerTests */,
			);
		};
/* End PBXProject section */

/* Begin PBXResourcesBuildPhase section */
		76CF5B282390FB903310C02A /* Resources */ = {
			isa = PBXResourcesBuildPhase;
			buildActionMask = 2147483647;
			files = (
				86CF347649A91D2B990853B8 /* Assets.xcassets in Resources */,
			);
			runOnlyForDeploymentPostprocessing = 0;
		};
/* End PBXResourcesBuildPhase section */

/* Begin PBXSourcesBuildPhase section */
		2E64C68D3387DE41F58D6905 /* Sources */ = {
			isa = PBXSourcesBuildPhase;
			buildActionMask = 2147483647;
			files = (
				1DDFAA489E7CE4BA872352D8 /* AudioDetectionTests.swift in Sources */,
				78C6C0C695CCAC4331057E3D /* AutoHideTests.swift in Sources */,
				6FBBD1001F9F6A7D114635CB /* FrameHelpersTests.swift in Sources */,
				765C3F6F5868875F50607BA4 /* NowPlayingInfoTests.swift in Sources */,
				036CDF97E55D38E210922056 /* NowPlayingTextTests.swift in Sources */,
				85C0AE7328F9CFA7E91E7BCF /* PlaylistTests.swift in Sources */,
				BE290CC516BBF1F04EF1F3F5 /* RecentsStoreTests.swift in Sources */,
				60548C8382031267A0C8083F /* RepeatModeTests.swift in Sources */,
				B342144744F6F0198B5ED03F /* ResumePolicyTests.swift in Sources */,
				8608361F44B641E95128509E /* StatsFormatTests.swift in Sources */,
				E7F2AAFDB6A45862E2D5B02B /* SubtitleLayoutTests.swift in Sources */,
				3F8D429EA937F104E52CFC4B /* TimecodeTests.swift in Sources */,
				8261B7E3227BAADBB7ACE9DC /* TrackMenuModelTests.swift in Sources */,
				924544DAA487CBDD867CF11B /* TracksPopoverLayoutTests.swift in Sources */,
			);
			runOnlyForDeploymentPostprocessing = 0;
		};
		999E46281DDB867E56F135A8 /* Sources */ = {
			isa = PBXSourcesBuildPhase;
			buildActionMask = 2147483647;
			files = (
				D3BC9E17B2391B5DF5ED6ED9 /* AetherPlayerApp.swift in Sources */,
				5EDD6CF6CE3647773954C9B7 /* AppDelegate.swift in Sources */,
				DE92143A4ADD0201A9AB1843 /* AudioDetection.swift in Sources */,
				F6716D6A28440962D624926C /* AutoHide.swift in Sources */,
				3877B2FE032AB3D2C6F31658 /* BookmarkAccess.swift in Sources */,
				5B986FC51A01D496620532E9 /* ContentView.swift in Sources */,
				6EA4B6A36BB346F6CFD4DC51 /* EmptyStateView.swift in Sources */,
				050C912FBDC7FB528C61FAC8 /* FrameHelpers.swift in Sources */,
				A4CADB880CB63E8BEC6D1121 /* KeyCatcherView.swift in Sources */,
				21AB54416F0A9CFB92EC284B /* NowPlayingController.swift in Sources */,
				6EDF82B8914C67D7AB9CDD5C /* NowPlayingInfo.swift in Sources */,
				E1FE9B0FD84DE2758E92753A /* NowPlayingText.swift in Sources */,
				14D2DE1CA56C63C4BE1D74B3 /* NowPlayingView.swift in Sources */,
				3E1688066219B7C4D1750EEF /* PlayerContainerView.swift in Sources */,
				911776C7C8307451CDC0A026 /* PlayerViewModel.swift in Sources */,
				8C3C05EC6A3BCC6A6195C0CF /* Playlist.swift in Sources */,
				8B3DAB6AE9250CA78B5A93BB /* RecentItem.swift in Sources */,
				8CBD4B252BDC010BCA99EA23 /* RecentsListView.swift in Sources */,
				C381691519E3D99902A62562 /* RecentsStore.swift in Sources */,
				B1B462215ADF74C0E19B5B29 /* RecentsThumbnailProvider.swift in Sources */,
				6BE5C182E61064A9CE8A050D /* RepeatMode.swift in Sources */,
				3301A509B2988941D7032B16 /* ResumePolicy.swift in Sources */,
				6BDD6184F887FEA522DBD459 /* ResumeToastView.swift in Sources */,
				781398CCB0497ACC785DC5C8 /* ScrubPreviewProvider.swift in Sources */,
				B0709C1A666B095EAEF0AE59 /* SnapshotSaver.swift in Sources */,
				FDACA56A5BF560C84BEBDBDB /* StatsFormat.swift in Sources */,
				C7C20203E8378D5EEF7EF741 /* StatsInspectorView.swift in Sources */,
				788D3248F94F267640983722 /* SubtitleLayout.swift in Sources */,
				169CEF92A7F40A58E7F35D32 /* SubtitleOverlayView.swift in Sources */,
				21528252960F081B9D64B82A /* Theme.swift in Sources */,
				ADBB50A4992BB1FE126089CF /* Timecode.swift in Sources */,
				60A44AA82BDDE1F9919F8A33 /* TrackMenuModel.swift in Sources */,
				13A2FC91687D83F654B53BDE /* TracksPopover.swift in Sources */,
				8827D938EAED8AAE47BCBD6E /* TracksPopoverLayout.swift in Sources */,
				5E421971863E471E099FB244 /* TransportBar.swift in Sources */,
				0D70CF09403F144734CA775B /* Updater.swift in Sources */,
			);
			runOnlyForDeploymentPostprocessing = 0;
		};
/* End PBXSourcesBuildPhase section */

/* Begin PBXTargetDependency section */
		57BC7914FB65FAB444205818 /* PBXTargetDependency */ = {
			isa = PBXTargetDependency;
			target = 7A59B15B32CAF3DAA7394BD5 /* AetherPlayer */;
			targetProxy = C86CF576AB1AFBF9B31DF21E /* PBXContainerItemProxy */;
		};
/* End PBXTargetDependency section */

/* Begin XCBuildConfiguration section */
		22B4F377F709ED8C41178C12 /* Release */ = {
			isa = XCBuildConfiguration;
			buildSettings = {
				BUNDLE_LOADER = "$(TEST_HOST)";
				COMBINE_HIDPI_IMAGES = YES;
				GENERATE_INFOPLIST_FILE = YES;
				LD_RUNPATH_SEARCH_PATHS = (
					"$(inherited)",
					"@executable_path/../Frameworks",
					"@loader_path/../Frameworks",
				);
				PRODUCT_BUNDLE_IDENTIFIER = de.superuser404.AetherPlayerTests;
				SDKROOT = macosx;
				TEST_HOST = "$(BUILT_PRODUCTS_DIR)/AetherPlayer.app/Contents/MacOS/AetherPlayer";
			};
			name = Release;
		};
		5A7D3DD87E6BE57E5DBA6F40 /* Debug */ = {
			isa = XCBuildConfiguration;
			buildSettings = {
				ASSETCATALOG_COMPILER_APPICON_NAME = AppIcon;
				COMBINE_HIDPI_IMAGES = YES;
				INFOPLIST_FILE = Sources/AetherPlayer/Resources/Info.plist;
				LD_RUNPATH_SEARCH_PATHS = (
					"$(inherited)",
					"@executable_path/../Frameworks",
				);
				PRODUCT_BUNDLE_IDENTIFIER = de.superuser404.AetherPlayer;
				SDKROOT = macosx;
				SWIFT_ACTIVE_COMPILATION_CONDITIONS = "$(inherited) DIRECT_DISTRIBUTION";
			};
			name = Debug;
		};
		80CC50FA97C2D1D4EC67D357 /* Release */ = {
			isa = XCBuildConfiguration;
			buildSettings = {
				ALWAYS_SEARCH_USER_PATHS = NO;
				ARCHS = "$(ARCHS_STANDARD)";
				CLANG_ANALYZER_NONNULL = YES;
				CLANG_ANALYZER_NUMBER_OBJECT_CONVERSION = YES_AGGRESSIVE;
				CLANG_CXX_LANGUAGE_STANDARD = "gnu++14";
				CLANG_CXX_LIBRARY = "libc++";
				CLANG_ENABLE_MODULES = YES;
				CLANG_ENABLE_OBJC_ARC = YES;
				CLANG_ENABLE_OBJC_WEAK = YES;
				CLANG_WARN_BLOCK_CAPTURE_AUTORELEASING = YES;
				CLANG_WARN_BOOL_CONVERSION = YES;
				CLANG_WARN_COMMA = YES;
				CLANG_WARN_CONSTANT_CONVERSION = YES;
				CLANG_WARN_DEPRECATED_OBJC_IMPLEMENTATIONS = YES;
				CLANG_WARN_DIRECT_OBJC_ISA_USAGE = YES_ERROR;
				CLANG_WARN_DOCUMENTATION_COMMENTS = YES;
				CLANG_WARN_EMPTY_BODY = YES;
				CLANG_WARN_ENUM_CONVERSION = YES;
				CLANG_WARN_INFINITE_RECURSION = YES;
				CLANG_WARN_INT_CONVERSION = YES;
				CLANG_WARN_NON_LITERAL_NULL_CONVERSION = YES;
				CLANG_WARN_OBJC_IMPLICIT_RETAIN_SELF = YES;
				CLANG_WARN_OBJC_LITERAL_CONVERSION = YES;
				CLANG_WARN_OBJC_ROOT_CLASS = YES_ERROR;
				CLANG_WARN_QUOTED_INCLUDE_IN_FRAMEWORK_HEADER = YES;
				CLANG_WARN_RANGE_LOOP_ANALYSIS = YES;
				CLANG_WARN_STRICT_PROTOTYPES = YES;
				CLANG_WARN_SUSPICIOUS_MOVE = YES;
				CLANG_WARN_UNGUARDED_AVAILABILITY = YES_AGGRESSIVE;
				CLANG_WARN_UNREACHABLE_CODE = YES;
				CLANG_WARN__DUPLICATE_METHOD_MATCH = YES;
				CODE_SIGN_ENTITLEMENTS = Sources/AetherPlayer/Resources/AetherPlayer.entitlements;
				COPY_PHASE_STRIP = NO;
				CURRENT_PROJECT_VERSION = 40;
				DEBUG_INFORMATION_FORMAT = "dwarf-with-dsym";
				ENABLE_HARDENED_RUNTIME = YES;
				ENABLE_NS_ASSERTIONS = NO;
				ENABLE_STRICT_OBJC_MSGSEND = YES;
				GCC_C_LANGUAGE_STANDARD = gnu11;
				GCC_NO_COMMON_BLOCKS = YES;
				GCC_WARN_64_TO_32_BIT_CONVERSION = YES;
				GCC_WARN_ABOUT_RETURN_TYPE = YES_ERROR;
				GCC_WARN_UNDECLARED_SELECTOR = YES;
				GCC_WARN_UNINITIALIZED_AUTOS = YES_AGGRESSIVE;
				GCC_WARN_UNUSED_FUNCTION = YES;
				GCC_WARN_UNUSED_VARIABLE = YES;
				MACOSX_DEPLOYMENT_TARGET = 14.0;
				MARKETING_VERSION = 0.9.19;
				MTL_ENABLE_DEBUG_INFO = NO;
				MTL_FAST_MATH = YES;
				ONLY_ACTIVE_ARCH = NO;
				PRODUCT_NAME = "$(TARGET_NAME)";
				SDKROOT = macosx;
				SWIFT_COMPILATION_MODE = wholemodule;
				SWIFT_OPTIMIZATION_LEVEL = "-O";
				SWIFT_VERSION = 6.0;
			};
			name = Release;
		};
		84E9B8EA5F02B9938CA17596 /* Release */ = {
			isa = XCBuildConfiguration;
			buildSettings = {
				ASSETCATALOG_COMPILER_APPICON_NAME = AppIcon;
				COMBINE_HIDPI_IMAGES = YES;
				INFOPLIST_FILE = Sources/AetherPlayer/Resources/Info.plist;
				LD_RUNPATH_SEARCH_PATHS = (
					"$(inherited)",
					"@executable_path/../Frameworks",
				);
				PRODUCT_BUNDLE_IDENTIFIER = de.superuser404.AetherPlayer;
				SDKROOT = macosx;
				SWIFT_ACTIVE_COMPILATION_CONDITIONS = "$(inherited) DIRECT_DISTRIBUTION";
			};
			name = Release;
		};
		A6D90E2334A4567C27C266AF /* Debug */ = {
			isa = XCBuildConfiguration;
			buildSettings = {
				ALWAYS_SEARCH_USER_PATHS = NO;
				ARCHS = "$(ARCHS_STANDARD)";
				CLANG_ANALYZER_NONNULL = YES;
				CLANG_ANALYZER_NUMBER_OBJECT_CONVERSION = YES_AGGRESSIVE;
				CLANG_CXX_LANGUAGE_STANDARD = "gnu++14";
				CLANG_CXX_LIBRARY = "libc++";
				CLANG_ENABLE_MODULES = YES;
				CLANG_ENABLE_OBJC_ARC = YES;
				CLANG_ENABLE_OBJC_WEAK = YES;
				CLANG_WARN_BLOCK_CAPTURE_AUTORELEASING = YES;
				CLANG_WARN_BOOL_CONVERSION = YES;
				CLANG_WARN_COMMA = YES;
				CLANG_WARN_CONSTANT_CONVERSION = YES;
				CLANG_WARN_DEPRECATED_OBJC_IMPLEMENTATIONS = YES;
				CLANG_WARN_DIRECT_OBJC_ISA_USAGE = YES_ERROR;
				CLANG_WARN_DOCUMENTATION_COMMENTS = YES;
				CLANG_WARN_EMPTY_BODY = YES;
				CLANG_WARN_ENUM_CONVERSION = YES;
				CLANG_WARN_INFINITE_RECURSION = YES;
				CLANG_WARN_INT_CONVERSION = YES;
				CLANG_WARN_NON_LITERAL_NULL_CONVERSION = YES;
				CLANG_WARN_OBJC_IMPLICIT_RETAIN_SELF = YES;
				CLANG_WARN_OBJC_LITERAL_CONVERSION = YES;
				CLANG_WARN_OBJC_ROOT_CLASS = YES_ERROR;
				CLANG_WARN_QUOTED_INCLUDE_IN_FRAMEWORK_HEADER = YES;
				CLANG_WARN_RANGE_LOOP_ANALYSIS = YES;
				CLANG_WARN_STRICT_PROTOTYPES = YES;
				CLANG_WARN_SUSPICIOUS_MOVE = YES;
				CLANG_WARN_UNGUARDED_AVAILABILITY = YES_AGGRESSIVE;
				CLANG_WARN_UNREACHABLE_CODE = YES;
				CLANG_WARN__DUPLICATE_METHOD_MATCH = YES;
				CODE_SIGN_ENTITLEMENTS = Sources/AetherPlayer/Resources/AetherPlayer.entitlements;
				COPY_PHASE_STRIP = NO;
				CURRENT_PROJECT_VERSION = 40;
				DEBUG_INFORMATION_FORMAT = dwarf;
				ENABLE_HARDENED_RUNTIME = YES;
				ENABLE_STRICT_OBJC_MSGSEND = YES;
				ENABLE_TESTABILITY = YES;
				GCC_C_LANGUAGE_STANDARD = gnu11;
				GCC_DYNAMIC_NO_PIC = NO;
				GCC_NO_COMMON_BLOCKS = YES;
				GCC_OPTIMIZATION_LEVEL = 0;
				GCC_PREPROCESSOR_DEFINITIONS = (
					"$(inherited)",
					"DEBUG=1",
				);
				GCC_WARN_64_TO_32_BIT_CONVERSION = YES;
				GCC_WARN_ABOUT_RETURN_TYPE = YES_ERROR;
				GCC_WARN_UNDECLARED_SELECTOR = YES;
				GCC_WARN_UNINITIALIZED_AUTOS = YES_AGGRESSIVE;
				GCC_WARN_UNUSED_FUNCTION = YES;
				GCC_WARN_UNUSED_VARIABLE = YES;
				MACOSX_DEPLOYMENT_TARGET = 14.0;
				MARKETING_VERSION = 0.9.19;
				MTL_ENABLE_DEBUG_INFO = INCLUDE_SOURCE;
				MTL_FAST_MATH = YES;
				ONLY_ACTIVE_ARCH = NO;
				PRODUCT_NAME = "$(TARGET_NAME)";
				SDKROOT = macosx;
				SWIFT_ACTIVE_COMPILATION_CONDITIONS = DEBUG;
				SWIFT_OPTIMIZATION_LEVEL = "-Onone";
				SWIFT_VERSION = 6.0;
			};
			name = Debug;
		};
		FC354972C5053A79312A0F5F /* Debug */ = {
			isa = XCBuildConfiguration;
			buildSettings = {
				BUNDLE_LOADER = "$(TEST_HOST)";
				COMBINE_HIDPI_IMAGES = YES;
				GENERATE_INFOPLIST_FILE = YES;
				LD_RUNPATH_SEARCH_PATHS = (
					"$(inherited)",
					"@executable_path/../Frameworks",
					"@loader_path/../Frameworks",
				);
				PRODUCT_BUNDLE_IDENTIFIER = de.superuser404.AetherPlayerTests;
				SDKROOT = macosx;
				TEST_HOST = "$(BUILT_PRODUCTS_DIR)/AetherPlayer.app/Contents/MacOS/AetherPlayer";
			};
			name = Debug;
		};
/* End XCBuildConfiguration section */

/* Begin XCConfigurationList section */
		39ECF5200BEE907AD5C8944C /* Build configuration list for PBXProject "AetherPlayer" */ = {
			isa = XCConfigurationList;
			buildConfigurations = (
				A6D90E2334A4567C27C266AF /* Debug */,
				80CC50FA97C2D1D4EC67D357 /* Release */,
			);
			defaultConfigurationIsVisible = 0;
			defaultConfigurationName = Debug;
		};
		B53C1D73F24EAC6E6D635662 /* Build configuration list for PBXNativeTarget "AetherPlayerTests" */ = {
			isa = XCConfigurationList;
			buildConfigurations = (
				FC354972C5053A79312A0F5F /* Debug */,
				22B4F377F709ED8C41178C12 /* Release */,
			);
			defaultConfigurationIsVisible = 0;
			defaultConfigurationName = Debug;
		};
		CF8E374B5637C123A0DB7996 /* Build configuration list for PBXNativeTarget "AetherPlayer" */ = {
			isa = XCConfigurationList;
			buildConfigurations = (
				5A7D3DD87E6BE57E5DBA6F40 /* Debug */,
				84E9B8EA5F02B9938CA17596 /* Release */,
			);
			defaultConfigurationIsVisible = 0;
			defaultConfigurationName = Debug;
		};
/* End XCConfigurationList section */

/* Begin XCRemoteSwiftPackageReference section */
		01FD55D28DD498C42BB12330 /* XCRemoteSwiftPackageReference "AetherEngine" */ = {
			isa = XCRemoteSwiftPackageReference;
			repositoryURL = "https://github.com/superuser404notfound/AetherEngine";
			requirement = {
				kind = revision;
				revision = 39b235b376b68f924d5a83d02893af87c9570ec6;
			};
		};
		5F7234CE368E530069027164 /* XCRemoteSwiftPackageReference "Sparkle" */ = {
			isa = XCRemoteSwiftPackageReference;
			repositoryURL = "https://github.com/sparkle-project/Sparkle";
			requirement = {
				kind = upToNextMajorVersion;
				minimumVersion = 2.6.0;
			};
		};
/* End XCRemoteSwiftPackageReference section */

/* Begin XCSwiftPackageProductDependency section */
		BE33BD5FE909AF50F8938376 /* AetherEngine */ = {
			isa = XCSwiftPackageProductDependency;
			package = 01FD55D28DD498C42BB12330 /* XCRemoteSwiftPackageReference "AetherEngine" */;
			productName = AetherEngine;
		};
		D8CD01999FE428529CC0DB5F /* Sparkle */ = {
			isa = XCSwiftPackageProductDependency;
			package = 5F7234CE368E530069027164 /* XCRemoteSwiftPackageReference "Sparkle" */;
			productName = Sparkle;
		};
/* End XCSwiftPackageProductDependency section */
	};
	rootObject = D8BCABAA8DFC78FF1EBB0399 /* Project object */;
}
